
Microsoft Visual Studio Solution File, Format Version 12.00
# Visual Studio Version 16
VisualStudioVersion = 16.0.31515.178
MinimumVisualStudioVersion = 10.0.40219.1
Project("{FAE04EC0-301F-11D3-BF4B-00C04F79EFBC}") = "FivemDocumentBlog", "FivemDocumentBlog\FivemDocumentBlog.csproj", "{0C4F4266-F13F-4EE9-AE87-D6C2AA88DF85}"
EndProject
Project("{FAE04EC0-301F-11D3-BF4B-00C04F79EFBC}") = "DataLayer", "DataLayer\DataLayer.csproj", "{709025C5-29B3-427C-B357-9BF9B45A961D}"
EndProject
Project("{FAE04EC0-301F-11D3-BF4B-00C04F79EFBC}") = "Models", "Models\Models.csproj", "{BF68DB03-D4FD-4D27-8739-EFF9ECC3185F}"
EndProject
Project("{FAE04EC0-301F-11D3-BF4B-00C04F79EFBC}") = "ViewModels", "ViewModels\ViewModels.csproj", "{87F0F3B0-D759-4C90-9A18-9F08C5B9099F}"
EndProject
Project("{FAE04EC0-301F-11D3-BF4B-00C04F79EFBC}") = "Services", "Services\Services.csproj", "{2875D3C1-46CB-4302-B68B-EFCD1EE46C86}"
EndProject
Global
	GlobalSection(SolutionConfigurationPlatforms) = preSolution
		Debug|Any CPU = Debug|Any CPU
		Release|Any CPU = Release|Any CPU
	EndGlobalSection
	GlobalSection(ProjectConfigurationPlatforms) = postSolution
		{0C4F4266-F13F-4EE9-AE87-D6C2AA88DF85}.Debug|Any CPU.ActiveCfg = Debug|Any CPU
		{0C4F4266-F13F-4EE9-AE87-D6C2AA88DF85}.Debug|Any CPU.Build.0 = Debug|Any CPU
		{0C4F4266-F13F-4EE9-AE87-D6C2AA88DF85}.Release|Any CPU.ActiveCfg = Release|Any CPU
		{0C4F4266-F13F-4EE9-AE87-D6C2AA88DF85}.Release|Any CPU.Build.0 = Release|Any CPU
		{709025C5-29B3-427C-B357-9BF9B45A961D}.Debug|Any CPU.ActiveCfg = Debug|Any CPU
		{709025C5-29B3-427C-B357-9BF9B45A961D}.Debug|Any CPU.Build.0 = Debug|Any CPU
		{709025C5-29B3-427C-B357-9BF9B45A961D}.Release|Any CPU.ActiveCfg = Release|Any CPU
		{709025C5-29B3-427C-B357-9BF9B45A961D}.Release|Any CPU.Build.0 = Release|Any CPU
		{BF68DB03-D4FD-4D27-8739-EFF9ECC3185F}.Debug|Any CPU.ActiveCfg = Debug|Any CPU
		{BF68DB03-D4FD-4D27-8739-EFF9ECC3185F}.Debug|Any CPU.Build.0 = Debug|Any CPU
		{BF68DB03-D4FD-4D27-8739-EFF9ECC3185F}.Release|Any CPU.ActiveCfg = Release|Any CPU
		{BF68DB03-D4FD-4D27-8739-EFF9ECC3185F}.Release|Any CPU.Build.0 = Release|Any CPU
		{87F0F3B0-D759-4C90-9A18-9F08C5B9099F}.Debug|Any CPU.ActiveCfg = Debug|Any CPU
		{87F0F3B0-D759-4C90-9A18-9F08C5B9099F}.Debug|Any CPU.Build.0 = Debug|Any CPU
		{87F0F3B0-D759-4C90-9A18-9F08C5B9099F}.Release|Any CPU.ActiveCfg = Release|Any CPU
		{87F0F3B0-D759-4C90-9A18-9F08C5B9099F}.Release|Any CPU.Build.0 = Release|Any CPU
		{2875D3C1-46CB-4302-B68B-EFCD1EE46C86}.Debug|Any CPU.ActiveCfg = Debug|Any CPU
		{2875D3C1-46CB-4302-B68B-EFCD1EE46C86}.Debug|Any CPU.Build.0 = Debug|Any CPU
		{2875D3C1-46CB-4302-B68B-EFCD1EE46C86}.Release|Any CPU.ActiveCfg = Release|Any CPU
		{2875D3C1-46CB-4302-B68B-EFCD1EE46C86}.Release|Any CPU.Build.0 = Release|Any CPU
	EndGlobalSection
	GlobalSection(SolutionProperties) = preSolution
		HideSolutionNode = FALSE
	EndGlobalSection
	GlobalSection(ExtensibilityGlobals) = postSolution
		SolutionGuid = {F7AD1463-39A0-470C-B277-1BE577606074}
	EndGlobalSection
EndGlobal
